# THIS IS AN AUTOGENERATED FILE. DO NOT EDIT THIS FILE DIRECTLY.
# yarn lockfile v1


lodash@^4.17.21:
  version "4.17.21"
  resolved "https://registry.npmjs.org/lodash/-/lodash-4.17.21.tgz#679591c564c3bffaae8454cf0b3df370c3d6911c"
  integrity sha512-v2kDEe57lecTulaDIuNTPy3Ry4gLGJ6Z1O3vE1krgXZNrsQ+LFTGHVxVjcXPs17LhbZVGedAJv8XZ1tvj5FvSg==

npm-test@^0.0.1:
  version "0.0.1"
  resolved "https://registry.npmjs.org/npm-test/-/npm-test-0.0.1.tgz#bbacd814b5bcb1f5729c4c22676144db617929e0"
  integrity sha1-u6zYFLW8sfVynEwiZ2FE22F5KeA=
